
Microsoft Visual Studio Solution File, Format Version 12.00
# Visual Studio Version 17
VisualStudioVersion = 17.1.32210.238
MinimumVisualStudioVersion = 10.0.40219.1
Project("{FAE04EC0-301F-11D3-BF4B-00C04F79EFBC}") = "passing array", "passing array.csproj", "{B61E6729-62B3-40D7-BABD-73DF34BD2032}"
EndProject
Global
	GlobalSection(SolutionConfigurationPlatforms) = preSolution
		Debug|Any CPU = Debug|Any CPU
		Release|Any CPU = Release|Any CPU
	EndGlobalSection
	GlobalSection(ProjectConfigurationPlatforms) = postSolution
		{B61E6729-62B3-40D7-BABD-73DF34BD2032}.Debug|Any CPU.ActiveCfg = Debug|Any CPU
		{B61E6729-62B3-40D7-BABD-73DF34BD2032}.Debug|Any CPU.Build.0 = Debug|Any CPU
		{B61E6729-62B3-40D7-BABD-73DF34BD2032}.Release|Any CPU.ActiveCfg = Release|Any CPU
		{B61E6729-62B3-40D7-BABD-73DF34BD2032}.Release|Any CPU.Build.0 = Release|Any CPU
	EndGlobalSection
	GlobalSection(SolutionProperties) = preSolution
		HideSolutionNode = FALSE
	EndGlobalSection
	GlobalSection(ExtensibilityGlobals) = postSolution
		SolutionGuid = {306C9FB0-43CC-4DB6-83E3-B70765E929D6}
	EndGlobalSection
EndGlobal
